
Microsoft Visual Studio Solution File, Format Version 12.00
# Visual Studio 14
VisualStudioVersion = 14.0.25123.0
MinimumVisualStudioVersion = 10.0.40219.1
Project("{FAE04EC0-301F-11D3-BF4B-00C04F79EFBC}") = "InitiateTwitterBotSetup", "InitiateTwitterBotSetup\InitiateTwitterBotSetup.csproj", "{E23A52F9-B814-4D8D-BA54-B4983A8EDD80}"
EndProject
Global
	GlobalSection(SolutionConfigurationPlatforms) = preSolution
		Debug|Any CPU = Debug|Any CPU
		Debug|x86 = Debug|x86
		Release|Any CPU = Release|Any CPU
		Release|x86 = Release|x86
	EndGlobalSection
	GlobalSection(ProjectConfigurationPlatforms) = postSolution
		{E23A52F9-B814-4D8D-BA54-B4983A8EDD80}.Debug|Any CPU.ActiveCfg = Debug|Any CPU
		{E23A52F9-B814-4D8D-BA54-B4983A8EDD80}.Debug|Any CPU.Build.0 = Debug|Any CPU
		{E23A52F9-B814-4D8D-BA54-B4983A8EDD80}.Debug|x86.ActiveCfg = Debug|x86
		{E23A52F9-B814-4D8D-BA54-B4983A8EDD80}.Debug|x86.Build.0 = Debug|x86
		{E23A52F9-B814-4D8D-BA54-B4983A8EDD80}.Release|Any CPU.ActiveCfg = Release|Any CPU
		{E23A52F9-B814-4D8D-BA54-B4983A8EDD80}.Release|Any CPU.Build.0 = Release|Any CPU
		{E23A52F9-B814-4D8D-BA54-B4983A8EDD80}.Release|x86.ActiveCfg = Release|Any CPU
		{E23A52F9-B814-4D8D-BA54-B4983A8EDD80}.Release|x86.Build.0 = Release|Any CPU
	EndGlobalSection
	GlobalSection(SolutionProperties) = preSolution
		HideSolutionNode = FALSE
	EndGlobalSection
	GlobalSection(TeamFoundationVersionControl) = preSolution
		SccNumberOfProjects = 2
		SccEnterpriseProvider = {4CA58AB2-18FA-4F8D-95D4-32DDF27D184C}
		SccTeamFoundationServer = https://gehealthcare-ls.visualstudio.com/defaultcollection
		SccLocalPath0 = .
		SccProjectUniqueName1 = InitiateTwitterBotSetup\\InitiateTwitterBotSetup.csproj
		SccProjectName1 = InitiateTwitterBotSetup
		SccLocalPath1 = InitiateTwitterBotSetup
	EndGlobalSection
EndGlobal
